{
    "_meta": {
        "hash": {
            "sha256": "8ecc0d1b7e739122823fe8063d26d4124296746489d142ac6c5547a879927474"
        },
        "pipfile-spec": 6,
        "requires": {
            "python_version": "3.8"
        },
        "sources": [
            {
                "name": "pypi",
                "url": "https://pypi.org/simple",
                "verify_ssl": true
            }
        ]
    },
    "default": {
        "tqdm": {
            "hashes": [
                "sha256:1a336d2b829be50e46b84668691e0a2719f26c97c62846298dd5ae2937e4d5cf",
                "sha256:564d632ea2b9cb52979f7956e093e831c28d441c11751682f84c86fc46e4fd21"
            ],
            "index": "pypi",
            "version": "==4.48.2"
        }
    },
    "develop": {}
}
